{
  "requires": true,
  "lockfileVersion": 1,
  "dependencies": {
    "eslint-plugin-standard": {
      "version": "4.0.1",
      "resolved": "https://registry.npmjs.org/eslint-plugin-standard/-/eslint-plugin-standard-4.0.1.tgz",
      "integrity": "sha512-v/KBnfyaOMPmZc/dmc6ozOdWqekGp7bBGq4jLAecEfPGmfKiWS4sA8sC0LqiV9w5qmXAtXVn4M3p1jSyhY85SQ==",
      "dev": true
    }
  }
}
